
Microsoft Visual Studio Solution File, Format Version 12.00
# Visual Studio Version 16
VisualStudioVersion = 16.0.31019.35
MinimumVisualStudioVersion = 10.0.40219.1
Project("{9A19103F-16F7-4668-BE54-9A1E7A4F7556}") = "ImageProcessing.App", "src\ImageProcessing.App\ImageProcessing.App.csproj", "{5BF3848E-038D-46D7-B83C-2A9CB482BF0B}"
EndProject
Project("{FAE04EC0-301F-11D3-BF4B-00C04F79EFBC}") = "ImageProcessing.Console", "src\ImageProcessing.Console\ImageProcessing.Console.csproj", "{85EB9EFD-6730-4EB5-AECA-5F28671192C3}"
EndProject
Project("{9A19103F-16F7-4668-BE54-9A1E7A4F7556}") = "ImageProcessing.Library", "src\ImageProcessing.Library\ImageProcessing.Library.csproj", "{CE94D300-4D8D-46C4-B260-957E4019B37B}"
EndProject
Global
	GlobalSection(SolutionConfigurationPlatforms) = preSolution
		Debug|Any CPU = Debug|Any CPU
		Release|Any CPU = Release|Any CPU
	EndGlobalSection
	GlobalSection(ProjectConfigurationPlatforms) = postSolution
		{5BF3848E-038D-46D7-B83C-2A9CB482BF0B}.Debug|Any CPU.ActiveCfg = Debug|Any CPU
		{5BF3848E-038D-46D7-B83C-2A9CB482BF0B}.Debug|Any CPU.Build.0 = Debug|Any CPU
		{5BF3848E-038D-46D7-B83C-2A9CB482BF0B}.Release|Any CPU.ActiveCfg = Release|Any CPU
		{5BF3848E-038D-46D7-B83C-2A9CB482BF0B}.Release|Any CPU.Build.0 = Release|Any CPU
		{85EB9EFD-6730-4EB5-AECA-5F28671192C3}.Debug|Any CPU.ActiveCfg = Debug|Any CPU
		{85EB9EFD-6730-4EB5-AECA-5F28671192C3}.Debug|Any CPU.Build.0 = Debug|Any CPU
		{85EB9EFD-6730-4EB5-AECA-5F28671192C3}.Release|Any CPU.ActiveCfg = Release|Any CPU
		{85EB9EFD-6730-4EB5-AECA-5F28671192C3}.Release|Any CPU.Build.0 = Release|Any CPU
		{CE94D300-4D8D-46C4-B260-957E4019B37B}.Debug|Any CPU.ActiveCfg = Debug|Any CPU
		{CE94D300-4D8D-46C4-B260-957E4019B37B}.Debug|Any CPU.Build.0 = Debug|Any CPU
		{CE94D300-4D8D-46C4-B260-957E4019B37B}.Release|Any CPU.ActiveCfg = Release|Any CPU
		{CE94D300-4D8D-46C4-B260-957E4019B37B}.Release|Any CPU.Build.0 = Release|Any CPU
	EndGlobalSection
	GlobalSection(SolutionProperties) = preSolution
		HideSolutionNode = FALSE
	EndGlobalSection
	GlobalSection(ExtensibilityGlobals) = postSolution
		SolutionGuid = {D57B8364-5BB9-4934-AA09-167D37C45EA1}
	EndGlobalSection
EndGlobal
